PODS:
  - Flutter (1.0.0)
  - flutter_core_spotlight (0.0.1):
    - Flutter

DEPENDENCIES:
  - Flutter (from `Flutter`)
  - flutter_core_spotlight (from `.symlinks/plugins/flutter_core_spotlight/ios`)

EXTERNAL SOURCES:
  Flutter:
    :path: Flutter
  flutter_core_spotlight:
    :path: ".symlinks/plugins/flutter_core_spotlight/ios"

SPEC CHECKSUMS:
  Flutter: e0871f40cf51350855a761d2e70bf5af5b9b5de7
  flutter_core_spotlight: ffa0331f617dbb2962517052a814b8682383e227

PODFILE CHECKSUM: 775997f741c536251164e3eacf6e34abf2eb7a17

COCOAPODS: 1.16.2
